{
  "name": "union",
  "version": "0.5.0",
  "lockfileVersion": 1,
  "requires": true,
  "dependencies": {
    "accepts": {
      "version": "1.0.7",
      "resolved": "https://registry.npmjs.org/accepts/-/accepts-1.0.7.tgz",
      "integrity": "sha512-iq8ew2zitUlNcUca0wye3fYwQ6sSPItDo38oC0R+XA5KTzeXRN+GF7NjOXs3dVItj4J+gQVdpq4/qbnMb1hMHw==",
      "dev": true,
      "requires": {
        "mime-types": "~1.0.0",
        "negotiator": "0.4.7"
      }
    },
    "any-promise": {
      "version": "1.3.0",
      "resolved": "https://registry.npmjs.org/any-promise/-/any-promise-1.3.0.tgz",
      "integrity": "sha512-7UvmKalWRt1wgjL1RrGxoSJW/0QZFIegpeGvZG9kjp8vrRu55XTHbwnqq2GpXm9uLbcuhxm3IqX9OB4MZR1b2A==",
      "dev": true
    },
    "asn1": {
      "version": "0.1.11",
      "resolved": "https://registry.npmjs.org/asn1/-/asn1-0.1.11.tgz",
      "integrity": "sha512-Fh9zh3G2mZ8qM/kwsiKwL2U2FmXxVsboP4x1mXjnhKHv3SmzaBZoYvxEQJz/YS2gnCgd8xlAVWcZnQyC9qZBsA==",
      "dev": true,
      "optional": true
    },
    "assert-plus": {
      "version": "0.1.5",
      "resolved": "https://registry.npmjs.org/assert-plus/-/assert-plus-0.1.5.tgz",
      "integrity": "sha512-brU24g7ryhRwGCI2y+1dGQmQXiZF7TtIj583S96y0jjdajIe6wn8BuXyELYhvD22dtIxDQVFk04YTJwwdwOYJw==",
      "dev": true,
      "optional": true
    },
    "async": {
      "version": "0.9.2",
      "resolved": "http://registry.npmjs.org/async/-/async-0.9.2.tgz",
      "integrity": "sha1-rqdNXmHB+JlhO/ZL2mbUx48v0X0=",
      "dev": true,
      "optional": true
    },
    "aws-sign2": {
      "version": "0.5.0",
      "resolved": "https://registry.npmjs.org/aws-sign2/-/aws-sign2-0.5.0.tgz",
      "integrity": "sha512-oqUX0DM5j7aPWPCnpWebiyNIj2wiNI87ZxnOMoGv0aE4TGlBy2N+5iWc6dQ/NOKZaBD2W6PVz8jtOGkWzSC5EA==",
      "dev": true,
      "optional": true
    },
    "base64-url": {
      "version": "1.3.3",
      "resolved": "https://registry.npmjs.org/base64-url/-/base64-url-1.3.3.tgz",
      "integrity": "sha512-UiVPRwO/m133KIQrOEIqO07D8jaYjFIx7/lYRWTRVR23tDSn00Ves6A+Bk0eLmhyz6IJGSFlNCKUuUBO2ssytA==",
      "dev": true
    },
    "basic-auth-connect": {
      "version": "1.0.0",
      "resolved": "https://registry.npmjs.org/basic-auth-connect/-/basic-auth-connect-1.0.0.tgz",
      "integrity": "sha512-kiV+/DTgVro4aZifY/hwRwALBISViL5NP4aReaR2EVJEObpbUBHIkdJh/YpcoEiYt7nBodZ6U2ajZeZvSxUCCg==",
      "dev": true
    },
    "batch": {
      "version": "0.5.1",
      "resolved": "https://registry.npmjs.org/batch/-/batch-0.5.1.tgz",
      "integrity": "sha512-OXRjc65VJvFtb7JD5HszSI1WWwsI6YnJS7Qmlx1CaDQrZ5urNIeRjtTyBe1YapNXyoWzrcc4yqg4rNe8YMyong==",
      "dev": true
    },
    "body-parser": {
      "version": "1.4.3",
      "resolved": "http://registry.npmjs.org/body-parser/-/body-parser-1.4.3.tgz",
      "integrity": "sha1-RyeVLP9K8Hc+76SyJsL0Ei9eI00=",
      "dev": true,
      "requires": {
        "bytes": "1.0.0",
        "depd": "0.3.0",
        "iconv-lite": "0.4.3",
        "media-typer": "0.2.0",
        "qs": "0.6.6",
        "raw-body": "1.2.2",
        "type-is": "1.3.1"
      },
      "dependencies": {
        "qs": {
          "version": "0.6.6",
          "resolved": "http://registry.npmjs.org/qs/-/qs-0.6.6.tgz",
          "integrity": "sha1-bgFQmP9RlouKPIGQAdXyyJvEsQc=",
          "dev": true
        },
        "type-is": {
          "version": "1.3.1",
          "resolved": "https://registry.npmjs.org/type-is/-/type-is-1.3.1.tgz",
          "integrity": "sha1-pnibWlITgomt4e+PbZ8odP/XC2s=",
          "dev": true,
          "requires": {
            "media-typer": "0.2.0",
            "mime-types": "1.0.0"
          }
        }
      }
    },
    "boom": {
      "version": "0.4.2",
      "resolved": "http://registry.npmjs.org/boom/-/boom-0.4.2.tgz",
      "integrity": "sha1-emNune1O/O+xnO9JR6PGffrukRs=",
      "dev": true,
      "optional": true,
      "requires": {
        "hoek": "0.9.x"
      }
    },
    "buffer-crc32": {
      "version": "0.2.3",
      "resolved": "https://registry.npmjs.org/buffer-crc32/-/buffer-crc32-0.2.3.tgz",
      "integrity": "sha512-HLvoSqq1z8fJEcT1lUlJZ4OJaXJZ1wsWm0+fBxkz9Bdf/WphA4Da7FtGUguNNyEXL4WB0hNMTaWmdFRFPy8YOQ==",
      "dev": true
    },
    "bytes": {
      "version": "1.0.0",
      "resolved": "https://registry.npmjs.org/bytes/-/bytes-1.0.0.tgz",
      "integrity": "sha512-/x68VkHLeTl3/Ll8IvxdwzhrT+IyKc52e/oyHhA2RwqPqswSnjVbSddfPRwAsJtbilMAPSRWwAlpxdYsSWOTKQ==",
      "dev": true
    },
    "combined-stream": {
      "version": "0.0.7",
      "resolved": "http://registry.npmjs.org/combined-stream/-/combined-stream-0.0.7.tgz",
      "integrity": "sha1-ATfmV7qlp1QcV6w3rF/AfXO03B8=",
      "dev": true,
      "optional": true,
      "requires": {
        "delayed-stream": "0.0.5"
      }
    },
    "compressible": {
      "version": "1.1.1",
      "resolved": "http://registry.npmjs.org/compressible/-/compressible-1.1.1.tgz",
      "integrity": "sha1-I7ceqQ6mxqZiiXAakYGCwk0HKe8=",
      "dev": true
    },
    "compression": {
      "version": "1.0.11",
      "resolved": "https://registry.npmjs.org/compression/-/compression-1.0.11.tgz",
      "integrity": "sha512-Xf+wCNAQYsPrvIkWRwGLkkrA2/Kd1TU8VotZZpvkz0+7+5bmxAsYdUahJI3oisroNydtb8NnGy4RMiaeq/GlSg==",
      "dev": true,
      "requires": {
        "accepts": "~1.0.7",
        "bytes": "1.0.0",
        "compressible": "~1.1.1",
        "debug": "1.0.4",
        "on-headers": "~1.0.0",
        "vary": "~1.0.0"
      },
      "dependencies": {
        "debug": {
          "version": "1.0.4",
          "resolved": "http://registry.npmjs.org/debug/-/debug-1.0.4.tgz",
          "integrity": "sha1-W5wla9VLbsAigxdvqKDt5tFUy/g=",
          "dev": true,
          "requires": {
            "ms": "0.6.2"
          }
        },
        "on-headers": {
          "version": "1.0.1",
          "resolved": "https://registry.npmjs.org/on-headers/-/on-headers-1.0.1.tgz",
          "integrity": "sha1-ko9dD0cNSTQmUepnlLCFfBAGk/c=",
          "dev": true
        }
      }
    },
    "connect": {
      "version": "2.22.0",
      "resolved": "https://registry.npmjs.org/connect/-/connect-2.22.0.tgz",
      "integrity": "sha512-6+pTp+bP+zy0XDR7uToY6xJoJNc3Tr7AUgFLWOFPY3IIrWQYQbNe5+mHmvdpaQ3A/JOJR9JXBzV+Nqtg1fVs2w==",
      "dev": true,
      "requires": {
        "basic-auth-connect": "1.0.0",
        "body-parser": "1.4.3",
        "bytes": "1.0.0",
        "compression": "~1.0.8",
        "connect-timeout": "1.1.1",
        "cookie": "0.1.2",
        "cookie-parser": "1.3.2",
        "cookie-signature": "1.0.4",
        "csurf": "~1.3.0",
        "debug": "1.0.2",
        "depd": "0.3.0",
        "errorhandler": "1.1.1",
        "express-session": "~1.6.1",
        "finalhandler": "0.0.2",
        "fresh": "0.2.2",
        "media-typer": "0.2.0",
        "method-override": "2.0.2",
        "morgan": "1.1.1",
        "multiparty": "3.3.0",
        "on-headers": "0.0.0",
        "parseurl": "1.0.1",
        "pause": "0.0.1",
        "qs": "0.6.6",
        "response-time": "2.0.0",
        "serve-favicon": "2.0.1",
        "serve-index": "~1.1.3",
        "serve-static": "~1.3.0",
        "type-is": "~1.3.2",
        "vhost": "2.0.0"
      },
      "dependencies": {
        "qs": {
          "version": "0.6.6",
          "resolved": "http://registry.npmjs.org/qs/-/qs-0.6.6.tgz",
          "integrity": "sha1-bgFQmP9RlouKPIGQAdXyyJvEsQc=",
          "dev": true
        }
      }
    },
    "connect-timeout": {
      "version": "1.1.1",
      "resolved": "https://registry.npmjs.org/connect-timeout/-/connect-timeout-1.1.1.tgz",
      "integrity": "sha512-HS5OPZHc0cAJkzE1jgGjwL95rzF+Znk10Pq0vpUEm4ieDV+4HiAu4U/I71G5Epqs3b3YDeHkxBwE7lZtDRpNPQ==",
      "dev": true,
      "requires": {
        "debug": "1.0.2",
        "on-headers": "0.0.0"
      }
    },
    "cookie": {
      "version": "0.1.2",
      "resolved": "https://registry.npmjs.org/cookie/-/cookie-0.1.2.tgz",
      "integrity": "sha512-+mHmWbhevLwkiBf7QcbZXHr0v4ZQQ/OgHk3fsQHrsMMiGzuvAmU/YMUR+ZfrO/BLAGIWFfx2Z7Oyso0tZR/wiA==",
      "dev": true
    },
    "cookie-parser": {
      "version": "1.3.2",
      "resolved": "https://registry.npmjs.org/cookie-parser/-/cookie-parser-1.3.2.tgz",
      "integrity": "sha512-tz5e2EKahF0l7kgKrFkJkphtY374VIG9qCaPWEJX1dzg6f3O/OFUkgpMoy4Tw/kBK0Fb9WUQpvXBe2RbV+aqXw==",
      "dev": true,
      "requires": {
        "cookie": "0.1.2",
        "cookie-signature": "1.0.4"
      }
    },
    "cookie-signature": {
      "version": "1.0.4",
      "resolved": "https://registry.npmjs.org/cookie-signature/-/cookie-signature-1.0.4.tgz",
      "integrity": "sha512-k+lrG38ZC/S7zN6l1/HcF6xF4jMwkIUjnr5afDU7tzFxIfDmKzdqJdXo8HNYaXOuBJ3tPKxSiwCOTA0b3qQfaA==",
      "dev": true
    },
    "core-util-is": {
      "version": "1.0.2",
      "resolved": "https://registry.npmjs.org/core-util-is/-/core-util-is-1.0.2.tgz",
      "integrity": "sha1-tf1UIgqivFq1eqtxQMlAdUUDwac=",
      "dev": true
    },
    "cryptiles": {
      "version": "0.2.2",
      "resolved": "http://registry.npmjs.org/cryptiles/-/cryptiles-0.2.2.tgz",
      "integrity": "sha1-7ZH/HxetE9N0gohZT4pIoNJvMlw=",
      "dev": true,
      "optional": true,
      "requires": {
        "boom": "0.4.x"
      }
    },
    "csrf-tokens": {
      "version": "2.0.0",
      "resolved": "https://registry.npmjs.org/csrf-tokens/-/csrf-tokens-2.0.0.tgz",
      "integrity": "sha512-IzcrVVxQJvHoeNSSA9zc9LqIBUPM3OdRUzJ/4ooSbROhvJOSAi6qve2J6XEhmltcECmf/UiR/pgzkHXY5x1mGA==",
      "dev": true,
      "requires": {
        "base64-url": "1",
        "rndm": "1",
        "scmp": "~0.0.3",
        "uid-safe": "1"
      }
    },
    "csurf": {
      "version": "1.3.0",
      "resolved": "https://registry.npmjs.org/csurf/-/csurf-1.3.0.tgz",
      "integrity": "sha512-zpQRae9zzSLm5BySqRbZjA+PcfQsLB1OedTrsJPp7lZil0SEOfiBlmjRQ0JsqiKUmryat95EO3w5SBQNXSua7Q==",
      "dev": true,
      "requires": {
        "cookie": "0.1.2",
        "cookie-signature": "1.0.4",
        "csrf-tokens": "~2.0.0"
      }
    },
    "ctype": {
      "version": "0.5.3",
      "resolved": "http://registry.npmjs.org/ctype/-/ctype-0.5.3.tgz",
      "integrity": "sha1-gsGMJGH3QRTvFsE1IkrQuRRMoS8=",
      "dev": true,
      "optional": true
    },
    "debug": {
      "version": "1.0.2",
      "resolved": "http://registry.npmjs.org/debug/-/debug-1.0.2.tgz",
      "integrity": "sha1-OElZHBDM5khHbDx8Li40FttZY8Q=",
      "dev": true,
      "requires": {
        "ms": "0.6.2"
      }
    },
    "delayed-stream": {
      "version": "0.0.5",
      "resolved": "https://registry.npmjs.org/delayed-stream/-/delayed-stream-0.0.5.tgz",
      "integrity": "sha512-v+7uBd1pqe5YtgPacIIbZ8HuHeLFVNe4mUEyFDXL6KiqzEykjbw+5mXZXpGFgNVasdL4jWKgaKIXrEHiynN1LA==",
      "dev": true,
      "optional": true
    },
    "depd": {
      "version": "0.3.0",
      "resolved": "http://registry.npmjs.org/depd/-/depd-0.3.0.tgz",
      "integrity": "sha1-Ecm8KOQlMl+9iziUC+/2n6UyaIM=",
      "dev": true
    },
    "diff": {
      "version": "1.0.8",
      "resolved": "https://registry.npmjs.org/diff/-/diff-1.0.8.tgz",
      "integrity": "sha512-1zEb73vemXFpUmfh3fsta4YHz3lwebxXvaWmPbFv9apujQBWDnkrPDLXLQs1gZo4RCWMDsT89r0Pf/z8/02TGA==",
      "dev": true
    },
    "director": {
      "version": "1.2.8",
      "resolved": "https://registry.npmjs.org/director/-/director-1.2.8.tgz",
      "integrity": "sha512-7v1NS2Fsv0kv+FbI2xqDHvm2UWSL7J4glCGk29m7/+pPi9r/Vq6o9OXQc3JprWMdZMYnBvohRBzxJGRIXjsQDg==",
      "dev": true
    },
    "ecstatic": {
      "version": "0.5.8",
      "resolved": "http://registry.npmjs.org/ecstatic/-/ecstatic-0.5.8.tgz",
      "integrity": "sha1-gZFjw9Hoxz1ONuJoYm/qaN18OY0=",
      "dev": true,
      "requires": {
        "he": "^0.5.0",
        "mime": "^1.2.11",
        "minimist": "^1.1.0"
      }
    },
    "ee-first": {
      "version": "1.0.3",
      "resolved": "https://registry.npmjs.org/ee-first/-/ee-first-1.0.3.tgz",
      "integrity": "sha512-1q/3kz+ZwmrrWpJcCCrBZ3JnBzB1BMA5EVW9nxnIP1LxDZ16Cqs9VdolqLWlExet1vU+bar3WSkAa4/YrA9bIw==",
      "dev": true
    },
    "errorhandler": {
      "version": "1.1.1",
      "resolved": "https://registry.npmjs.org/errorhandler/-/errorhandler-1.1.1.tgz",
      "integrity": "sha512-nqVAii3wDkiowAVKDmcuwKOQ/5vsg9GfCcJxSMHgy8yiZUA3mMDpBcHnCVolDYgQ7wsC2yZQVOavR5fGHhFMkg==",
      "dev": true,
      "requires": {
        "accepts": "~1.0.4",
        "escape-html": "1.0.1"
      }
    },
    "escape-html": {
      "version": "1.0.1",
      "resolved": "https://registry.npmjs.org/escape-html/-/escape-html-1.0.1.tgz",
      "integrity": "sha512-z6kAnok8fqVTra7Yu77dZF2Y6ETJlxH58wN38wNyuNQLm8xXdKnfNrlSmfXsTePWP03rRVUKHubtUwanwUi7+g==",
      "dev": true
    },
    "express-session": {
      "version": "1.6.5",
      "resolved": "http://registry.npmjs.org/express-session/-/express-session-1.6.5.tgz",
      "integrity": "sha1-xMp3QAJf5FYfiAQRV5MQcfkelXs=",
      "dev": true,
      "requires": {
        "buffer-crc32": "0.2.3",
        "cookie": "0.1.2",
        "cookie-signature": "1.0.4",
        "debug": "1.0.3",
        "depd": "0.3.0",
        "on-headers": "0.0.0",
        "uid-safe": "1.0.1",
        "utils-merge": "1.0.0"
      },
      "dependencies": {
        "debug": {
          "version": "1.0.3",
          "resolved": "http://registry.npmjs.org/debug/-/debug-1.0.3.tgz",
          "integrity": "sha1-/IxrLWACgEtAgcAgjg9kYLofo+Q=",
          "dev": true,
          "requires": {
            "ms": "0.6.2"
          }
        },
        "uid-safe": {
          "version": "1.0.1",
          "resolved": "https://registry.npmjs.org/uid-safe/-/uid-safe-1.0.1.tgz",
          "integrity": "sha1-W9FIRgouhPVPGT/SA1LIw9feasg=",
          "dev": true,
          "requires": {
            "base64-url": "1",
            "mz": "1"
          }
        }
      }
    },
    "eyes": {
      "version": "0.1.8",
      "resolved": "https://registry.npmjs.org/eyes/-/eyes-0.1.8.tgz",
      "integrity": "sha512-GipyPsXO1anza0AOZdy69Im7hGFCNB7Y/NGjDlZGJ3GJJLtwNSb2vrzYrTYJRrRloVx7pl+bhUaTB8yiccPvFQ==",
      "dev": true
    },
    "finalhandler": {
      "version": "0.0.2",
      "resolved": "http://registry.npmjs.org/finalhandler/-/finalhandler-0.0.2.tgz",
      "integrity": "sha1-BgPYde6H1WeiZmkoFcyK1E/M7to=",
      "dev": true,
      "requires": {
        "debug": "1.0.2",
        "escape-html": "1.0.1"
      }
    },
    "finished": {
      "version": "1.2.2",
      "resolved": "https://registry.npmjs.org/finished/-/finished-1.2.2.tgz",
      "integrity": "sha512-HPJ8x7Gn1pmTS1zWyMoXmQ1yxHkYHRoFsBI66ONq4PS9iWBJy1iHYXOSqMWNp3ksMXfrBpenkSwBhl9WG4zr4Q==",
      "dev": true,
      "requires": {
        "ee-first": "1.0.3"
      }
    },
    "forever-agent": {
      "version": "0.5.2",
      "resolved": "https://registry.npmjs.org/forever-agent/-/forever-agent-0.5.2.tgz",
      "integrity": "sha512-PDG5Ef0Dob/JsZUxUltJOhm/Y9mlteAE+46y3M9RBz/Rd3QVENJ75aGRhN56yekTUboaBIkd8KVWX2NjF6+91A==",
      "dev": true
    },
    "form-data": {
      "version": "0.1.4",
      "resolved": "http://registry.npmjs.org/form-data/-/form-data-0.1.4.tgz",
      "integrity": "sha1-kavXiKupcCsaq/qLwBAxoqyeOxI=",
      "dev": true,
      "optional": true,
      "requires": {
        "async": "~0.9.0",
        "combined-stream": "~0.0.4",
        "mime": "~1.2.11"
      }
    },
    "fresh": {
      "version": "0.2.2",
      "resolved": "https://registry.npmjs.org/fresh/-/fresh-0.2.2.tgz",
      "integrity": "sha512-ZGGi8GROK//ijm2gB33sUuN9TjN1tC/dvG4Bt4j6IWrVGpMmudUBCxx+Ir7qePsdREfkpQC4FL8W0jeSOsgv1w==",
      "dev": true
    },
    "glob": {
      "version": "4.0.6",
      "resolved": "https://registry.npmjs.org/glob/-/glob-4.0.6.tgz",
      "integrity": "sha512-D0H1thJnOVgI0zRV3H/Vmb9HWmDgGTTR7PeT8Lk0ri2kMmfK3oKQBolfqJuRpBVpTx5Q5PKGl9hdQEQNTXJI7Q==",
      "dev": true,
      "requires": {
        "graceful-fs": "^3.0.2",
        "inherits": "2",
        "minimatch": "^1.0.0",
        "once": "^1.3.0"
      },
      "dependencies": {
        "graceful-fs": {
          "version": "4.2.11",
          "resolved": "https://registry.npmjs.org/graceful-fs/-/graceful-fs-4.2.11.tgz",
          "integrity": "sha512-RbJ5/jmFcNNCcDV5o9eTnBLJ/HszWV0P73bc+Ff4nS/rJj+YaS6IGyiOL0VoBYX+l1Wrl3k63h/KrH+nhJ0XvQ==",
          "dev": true
        }
      }
    },
    "hawk": {
      "version": "1.0.0",
      "resolved": "http://registry.npmjs.org/hawk/-/hawk-1.0.0.tgz",
      "integrity": "sha1-uQuxaYByhUEdp//LjdJZhQLTtS0=",
      "dev": true,
      "optional": true,
      "requires": {
        "boom": "0.4.x",
        "cryptiles": "0.2.x",
        "hoek": "0.9.x",
        "sntp": "0.2.x"
      }
    },
    "he": {
      "version": "0.5.0",
      "resolved": "http://registry.npmjs.org/he/-/he-0.5.0.tgz",
      "integrity": "sha1-LAX/rvkLaOhg8/0rVO9YCYknfuI=",
      "dev": true
    },
    "hoek": {
      "version": "0.9.1",
      "resolved": "http://registry.npmjs.org/hoek/-/hoek-0.9.1.tgz",
      "integrity": "sha1-PTIkYrrfB3Fup+uFuviAec3c5QU=",
      "dev": true,
      "optional": true
    },
    "http-signature": {
      "version": "0.10.1",
      "resolved": "https://registry.npmjs.org/http-signature/-/http-signature-0.10.1.tgz",
      "integrity": "sha512-coK8uR5rq2IMj+Hen+sKPA5ldgbCc1/spPdKCL1Fw6h+D0s/2LzMcRK0Cqufs1h0ryx/niwBHGFu8HC3hwU+lA==",
      "dev": true,
      "optional": true,
      "requires": {
        "asn1": "0.1.11",
        "assert-plus": "^0.1.5",
        "ctype": "0.5.3"
      }
    },
    "iconv-lite": {
      "version": "0.4.3",
      "resolved": "http://registry.npmjs.org/iconv-lite/-/iconv-lite-0.4.3.tgz",
      "integrity": "sha1-nniHeTt2nMaV6yLSVGpP0tebeh4=",
      "dev": true
    },
    "inherits": {
      "version": "2.0.3",
      "resolved": "https://registry.npmjs.org/inherits/-/inherits-2.0.3.tgz",
      "integrity": "sha512-x00IRNXNy63jwGkJmzPigoySHbaqpNuzKbBOmzK+g2OdZpQ9w+sxCN+VSB3ja7IAge2OP2qpfxTjeNcyjmW1uw==",
      "dev": true
    },
    "isarray": {
      "version": "0.0.1",
      "resolved": "https://registry.npmjs.org/isarray/-/isarray-0.0.1.tgz",
      "integrity": "sha512-D2S+3GLxWH+uhrNEcoh/fnmYeP8E8/zHl644d/jdA0g2uyXvy3sb0qxotE+ne0LtccHknQzWwZEzhak7oJ0COQ==",
      "dev": true
    },
    "json-stringify-safe": {
      "version": "5.0.1",
      "resolved": "https://registry.npmjs.org/json-stringify-safe/-/json-stringify-safe-5.0.1.tgz",
      "integrity": "sha512-ZClg6AaYvamvYEE82d3Iyd3vSSIjQ+odgjaTzRuO3s7toCdFKczob2i0zCh7JE8kWn17yvAWhUVxvqGwUalsRA==",
      "dev": true
    },
    "lru-cache": {
      "version": "2.7.3",
      "resolved": "http://registry.npmjs.org/lru-cache/-/lru-cache-2.7.3.tgz",
      "integrity": "sha1-bUUk6LlV+V1PW1iFHOId1y+06VI=",
      "dev": true
    },
    "media-typer": {
      "version": "0.2.0",
      "resolved": "http://registry.npmjs.org/media-typer/-/media-typer-0.2.0.tgz",
      "integrity": "sha1-2KBlITrf6qLnYyGitt2jb/YzWYQ=",
      "dev": true
    },
    "method-override": {
      "version": "2.0.2",
      "resolved": "https://registry.npmjs.org/method-override/-/method-override-2.0.2.tgz",
      "integrity": "sha512-VdXhehVbkQcJD4MJisBqFjCGLlCQ5bhVkJqT9VpSgXyCccskmEYn/MA52pnDlqqffmkFazjGbFEwZFKwOIAKXg==",
      "dev": true,
      "requires": {
        "methods": "1.0.1",
        "parseurl": "1.0.1",
        "vary": "0.1.0"
      },
      "dependencies": {
        "vary": {
          "version": "0.1.0",
          "resolved": "https://registry.npmjs.org/vary/-/vary-0.1.0.tgz",
          "integrity": "sha512-tyyeG46NQdwyVP/RsWLSrT78ouwEuvwk9gK8vQK4jdXmqoXtTXW+vsCfNcnqRhigF8olV34QVZarmAi6wBV2Mw==",
          "dev": true
        }
      }
    },
    "methods": {
      "version": "1.0.1",
      "resolved": "https://registry.npmjs.org/methods/-/methods-1.0.1.tgz",
      "integrity": "sha512-2403MfnVypWSNIEpmQ26/ObZ5kSUx37E8NHRvriw0+I8Sne7k0HGuLGCk0OrCqURh4UIygD0cSsYq+Ll+kzNqA==",
      "dev": true
    },
    "mime": {
      "version": "1.2.11",
      "resolved": "http://registry.npmjs.org/mime/-/mime-1.2.11.tgz",
      "integrity": "sha1-WCA+7Ybjpe8XrtK32evUfwpg3RA=",
      "dev": true
    },
    "mime-types": {
      "version": "1.0.0",
      "resolved": "http://registry.npmjs.org/mime-types/-/mime-types-1.0.0.tgz",
      "integrity": "sha1-antKavLn2S+Xr+A/BHx4AejwAdI=",
      "dev": true
    },
    "minimatch": {
      "version": "1.0.0",
      "resolved": "https://registry.npmjs.org/minimatch/-/minimatch-1.0.0.tgz",
      "integrity": "sha512-Ejh5Odk/uFXAj5nf/NSXk0UamqcGAfOdHI7nY0zvCHyn4f3nKLFoUTp+lYxDxSih/40uW8lpwDplOWHdWkQXWA==",
      "dev": true,
      "requires": {
        "lru-cache": "2",
        "sigmund": "~1.0.0"
      }
    },
    "minimist": {
      "version": "1.2.0",
      "resolved": "http://registry.npmjs.org/minimist/-/minimist-1.2.0.tgz",
      "integrity": "sha1-o1AIsg9BOD7sH7kU9M1d95omQoQ=",
      "dev": true
    },
    "morgan": {
      "version": "1.1.1",
      "resolved": "http://registry.npmjs.org/morgan/-/morgan-1.1.1.tgz",
      "integrity": "sha1-zeRdLoB+vMQ5dFhG6oA5LmkJgUY=",
      "dev": true,
      "requires": {
        "bytes": "1.0.0"
      }
    },
    "ms": {
      "version": "0.6.2",
      "resolved": "http://registry.npmjs.org/ms/-/ms-0.6.2.tgz",
      "integrity": "sha1-2JwhJMb9wTU9Zai3e/GqxLGTcIw=",
      "dev": true
    },
    "multiparty": {
      "version": "3.3.0",
      "resolved": "https://registry.npmjs.org/multiparty/-/multiparty-3.3.0.tgz",
      "integrity": "sha512-ekz7rAuNYDcYPC9QaqOgdnLvELbreIEHwwSjPzsrntUmXJi+dqsk9fvai266/PZ9/xb2zteoSJZe7rESg7VhyA==",
      "dev": true,
      "requires": {
        "readable-stream": "~1.1.9",
        "stream-counter": "~0.2.0"
      }
    },
    "mz": {
      "version": "1.3.0",
      "resolved": "https://registry.npmjs.org/mz/-/mz-1.3.0.tgz",
      "integrity": "sha512-x+R7YSsEySSpV5uEB+C47JTmxv+YKKNsW3W+hjvq8NbLn8ntLgYXGrR5RjQ3Fs0e7Chw8Rp/1e5eo0n5LP76cw==",
      "dev": true,
      "requires": {
        "native-or-bluebird": "1",
        "thenify": "3",
        "thenify-all": "1"
      }
    },
    "native-or-bluebird": {
      "version": "1.1.2",
      "resolved": "https://registry.npmjs.org/native-or-bluebird/-/native-or-bluebird-1.1.2.tgz",
      "integrity": "sha512-Bgn5FHNkd+lPTjIzq1NVU/VZTvPKFvhdIDEyYjxrKNrScSXbVvNVzOKwoleysun0/HoN7R+TXmK9mCtEs84osA==",
      "dev": true
    },
    "negotiator": {
      "version": "0.4.7",
      "resolved": "https://registry.npmjs.org/negotiator/-/negotiator-0.4.7.tgz",
      "integrity": "sha512-ujxWwyRfZ6udAgHGECQC3JDO9e6UAsuItfUMcqA0Xf2OLNQTveFVFx+fHGIJ5p0MJaJrZyGQqPwzuN0NxJzEKA==",
      "dev": true
    },
    "node-uuid": {
      "version": "1.4.8",
      "resolved": "https://registry.npmjs.org/node-uuid/-/node-uuid-1.4.8.tgz",
      "integrity": "sha512-TkCET/3rr9mUuRp+CpO7qfgT++aAxfDRaalQhwPFzI9BY/2rCDn6OfpZOVggi1AXfTPpfkTrg5f5WQx5G1uLxA==",
      "dev": true
    },
    "oauth-sign": {
      "version": "0.3.0",
      "resolved": "https://registry.npmjs.org/oauth-sign/-/oauth-sign-0.3.0.tgz",
      "integrity": "sha512-Tr31Sh5FnK9YKm7xTUPyDMsNOvMqkVDND0zvK/Wgj7/H9q8mpye0qG2nVzrnsvLhcsX5DtqXD0la0ks6rkPCGQ==",
      "dev": true,
      "optional": true
    },
    "on-headers": {
      "version": "0.0.0",
      "resolved": "https://registry.npmjs.org/on-headers/-/on-headers-0.0.0.tgz",
      "integrity": "sha512-sd6W+EIQTNDbMndkGZqf1q6x3PlMxAIoufoNhcfpvzrXhtN+IWVyM2sjdsZ3p+TVddtTG5u0lujTglZ+R1VGvQ==",
      "dev": true
    },
    "once": {
      "version": "1.4.0",
      "resolved": "https://registry.npmjs.org/once/-/once-1.4.0.tgz",
      "integrity": "sha512-lNaJgI+2Q5URQBkccEKHTQOPaXdUxnZZElQTZY0MFUAuaEqe1E+Nyvgdz/aIyNi6Z9MzO5dv1H8n58/GELp3+w==",
      "dev": true,
      "requires": {
        "wrappy": "1"
      }
    },
    "parseurl": {
      "version": "1.0.1",
      "resolved": "https://registry.npmjs.org/parseurl/-/parseurl-1.0.1.tgz",
      "integrity": "sha512-6W9+0+9Ihayqwjgp4OaLLqZ3KDtqPY2PtUPz8YNiy4PamjJv+7x6J9GO93O9rUZOLgaanTPxsKTasxqKkO1iSw==",
      "dev": true
    },
    "pause": {
      "version": "0.0.1",
      "resolved": "https://registry.npmjs.org/pause/-/pause-0.0.1.tgz",
      "integrity": "sha512-KG8UEiEVkR3wGEb4m5yZkVCzigAD+cVEJck2CzYZO37ZGJfctvVptVO192MwrtPhzONn6go8ylnOdMhKqi4nfg==",
      "dev": true
    },
    "punycode": {
      "version": "2.1.1",
      "resolved": "https://registry.npmjs.org/punycode/-/punycode-2.1.1.tgz",
      "integrity": "sha512-XRsRjdf+j5ml+y/6GKHPZbrF/8p2Yga0JPtdqTIY2Xe5ohJPD9saDJJLPvp9+NSBprVvevdXZybnj2cv8OEd0A==",
      "dev": true,
      "optional": true
    },
    "qs": {
      "version": "6.6.0",
      "resolved": "https://registry.npmjs.org/qs/-/qs-6.6.0.tgz",
      "integrity": "sha512-KIJqT9jQJDQx5h5uAVPimw6yVg2SekOKu959OCtktD3FjzbpvaPr8i4zzg07DOMz+igA4W/aNM7OV8H37pFYfA=="
    },
    "range-parser": {
      "version": "1.0.3",
      "resolved": "https://registry.npmjs.org/range-parser/-/range-parser-1.0.3.tgz",
      "integrity": "sha512-nDsRrtIxVUO5opg/A8T2S3ebULVIfuh8ECbh4w3N4mWxIiT3QILDJDUQayPqm2e8Q8NUa0RSUkGCfe33AfjR3Q==",
      "dev": true
    },
    "raw-body": {
      "version": "1.2.2",
      "resolved": "https://registry.npmjs.org/raw-body/-/raw-body-1.2.2.tgz",
      "integrity": "sha512-52kUCLQKKfbzsJtWdlQmrWwhR8WPc8zsCmIDMEygfiEgT3E/AApymJo8eza+zgaLnDxbNRq+U/UXR79s4uX1qw==",
      "dev": true,
      "requires": {
        "bytes": "1",
        "iconv-lite": "0.4.3"
      }
    },
    "readable-stream": {
      "version": "1.1.14",
      "resolved": "http://registry.npmjs.org/readable-stream/-/readable-stream-1.1.14.tgz",
      "integrity": "sha1-fPTFTvZI44EwhMY23SB54WbAgdk=",
      "dev": true,
      "requires": {
        "core-util-is": "~1.0.0",
        "inherits": "~2.0.1",
        "isarray": "0.0.1",
        "string_decoder": "~0.10.x"
      }
    },
    "request": {
      "version": "2.29.0",
      "resolved": "http://registry.npmjs.org/request/-/request-2.29.0.tgz",
      "integrity": "sha1-DUuN5w0mqZEag0Svmg6O2rgf8cM=",
      "dev": true,
      "requires": {
        "aws-sign2": "~0.5.0",
        "forever-agent": "~0.5.0",
        "form-data": "~0.1.0",
        "hawk": "~1.0.0",
        "http-signature": "~0.10.0",
        "json-stringify-safe": "~5.0.0",
        "mime": "~1.2.9",
        "node-uuid": "~1.4.0",
        "oauth-sign": "~0.3.0",
        "qs": "~0.6.0",
        "tough-cookie": "~0.9.15",
        "tunnel-agent": "~0.3.0"
      },
      "dependencies": {
        "qs": {
          "version": "0.6.6",
          "resolved": "http://registry.npmjs.org/qs/-/qs-0.6.6.tgz",
          "integrity": "sha1-bgFQmP9RlouKPIGQAdXyyJvEsQc=",
          "dev": true
        }
      }
    },
    "response-time": {
      "version": "2.0.0",
      "resolved": "https://registry.npmjs.org/response-time/-/response-time-2.0.0.tgz",
      "integrity": "sha512-1PeD/WjcPWgv4c1Lpfh+whxgOxauMckWZMWBJNVBXg4Sz/MR1bvtA2V0KOr4gYObkp1GW2NyyiNsJkNMtTOt3w==",
      "dev": true,
      "requires": {
        "on-headers": "0.0.0"
      }
    },
    "rndm": {
      "version": "1.2.0",
      "resolved": "https://registry.npmjs.org/rndm/-/rndm-1.2.0.tgz",
      "integrity": "sha512-fJhQQI5tLrQvYIYFpOnFinzv9dwmR7hRnUz1XqP3OJ1jIweTNOd6aTO4jwQSgcBSFUB+/KHJxuGneime+FdzOw==",
      "dev": true
    },
    "scmp": {
      "version": "0.0.3",
      "resolved": "https://registry.npmjs.org/scmp/-/scmp-0.0.3.tgz",
      "integrity": "sha512-ya4sPuUOfcrJnfC+OUqTFgFVBEMOXMS1Xopn0wwIhxKwD4eveTwJoIUN9u1QHJ47nL29/m545dV8KqI92MlHPw==",
      "dev": true
    },
    "send": {
      "version": "0.6.0",
      "resolved": "https://registry.npmjs.org/send/-/send-0.6.0.tgz",
      "integrity": "sha512-A3EwHmDwcPcmLxIRNjr2YbXiYWq6M9JyUq4303pLKVFs4m5oeME0a9Cpcu9N22fED5XVepldjPYGo9eJifb7Yg==",
      "dev": true,
      "requires": {
        "debug": "1.0.3",
        "depd": "0.3.0",
        "escape-html": "1.0.1",
        "finished": "1.2.2",
        "fresh": "0.2.2",
        "mime": "1.2.11",
        "ms": "0.6.2",
        "range-parser": "~1.0.0"
      },
      "dependencies": {
        "debug": {
          "version": "1.0.3",
          "resolved": "http://registry.npmjs.org/debug/-/debug-1.0.3.tgz",
          "integrity": "sha1-/IxrLWACgEtAgcAgjg9kYLofo+Q=",
          "dev": true,
          "requires": {
            "ms": "0.6.2"
          }
        }
      }
    },
    "serve-favicon": {
      "version": "2.0.1",
      "resolved": "https://registry.npmjs.org/serve-favicon/-/serve-favicon-2.0.1.tgz",
      "integrity": "sha512-ER7Nk+que+Og6kDJpADjLMkTkllBKWz9FPef5A+uELiYAODTjaMJMszKhzUzsNcvqXM5+mzAdpv/6FaxRlJUng==",
      "dev": true,
      "requires": {
        "fresh": "0.2.2"
      }
    },
    "serve-index": {
      "version": "1.1.6",
      "resolved": "https://registry.npmjs.org/serve-index/-/serve-index-1.1.6.tgz",
      "integrity": "sha512-uWGuAekfhMHBaKk2ZoGZn9b5GLpdUH5lHMo2Dkkiakg6eHNQBH8CR/x2RVVwh7FPPzA7L8ppz8WyjXNYurVMsQ==",
      "dev": true,
      "requires": {
        "accepts": "~1.0.7",
        "batch": "0.5.1",
        "parseurl": "~1.3.0"
      },
      "dependencies": {
        "parseurl": {
          "version": "1.3.2",
          "resolved": "https://registry.npmjs.org/parseurl/-/parseurl-1.3.2.tgz",
          "integrity": "sha1-/CidTtiZMRlGDBViUyYs3I3mW/M=",
          "dev": true
        }
      }
    },
    "serve-static": {
      "version": "1.3.2",
      "resolved": "https://registry.npmjs.org/serve-static/-/serve-static-1.3.2.tgz",
      "integrity": "sha512-KwjCeYUx7IM1neg8/P0+O1DZsl76XcOSuV0ZxrI0r60vwGlcjMjKOYCK/OFLJy/a2CFuIyAa/x0PuQ0yuG+IgQ==",
      "dev": true,
      "requires": {
        "escape-html": "1.0.1",
        "parseurl": "~1.1.3",
        "send": "0.6.0"
      },
      "dependencies": {
        "parseurl": {
          "version": "1.1.3",
          "resolved": "https://registry.npmjs.org/parseurl/-/parseurl-1.1.3.tgz",
          "integrity": "sha512-7y9IL/9x2suvr1uIvoAc3yv3f28hZ55g2OM+ybEtnZqV6Ykeg36sy1PCsTN9rQUZYzb9lTKLzzmJM11jaXSloA==",
          "dev": true
        }
      }
    },
    "sigmund": {
      "version": "1.0.1",
      "resolved": "https://registry.npmjs.org/sigmund/-/sigmund-1.0.1.tgz",
      "integrity": "sha512-fCvEXfh6NWpm+YSuY2bpXb/VIihqWA6hLsgboC+0nl71Q7N7o2eaCW8mJa/NLvQhs6jpd3VZV4UiUQlV6+lc8g==",
      "dev": true
    },
    "sntp": {
      "version": "0.2.4",
      "resolved": "http://registry.npmjs.org/sntp/-/sntp-0.2.4.tgz",
      "integrity": "sha1-+4hfGLDzqtGJ+CSGJTa87ux1CQA=",
      "dev": true,
      "optional": true,
      "requires": {
        "hoek": "0.9.x"
      }
    },
    "stream-counter": {
      "version": "0.2.0",
      "resolved": "https://registry.npmjs.org/stream-counter/-/stream-counter-0.2.0.tgz",
      "integrity": "sha512-GjA2zKc2iXUUKRcOxXQmhEx0Ev3XHJ6c8yWGqhQjWwhGrqNwSsvq9YlRLgoGtZ5Kx2Ln94IedaqJ5GUG6aBbxA==",
      "dev": true,
      "requires": {
        "readable-stream": "~1.1.8"
      }
    },
    "string_decoder": {
      "version": "0.10.31",
      "resolved": "http://registry.npmjs.org/string_decoder/-/string_decoder-0.10.31.tgz",
      "integrity": "sha1-YuIDvEF2bGwoyfyEMB2rHFMQ+pQ=",
      "dev": true
    },
    "thenify": {
      "version": "3.3.0",
      "resolved": "https://registry.npmjs.org/thenify/-/thenify-3.3.0.tgz",
      "integrity": "sha1-5p44obq+lpsBCCB5eLn2K4hgSDk=",
      "dev": true,
      "requires": {
        "any-promise": "^1.0.0"
      }
    },
    "thenify-all": {
      "version": "1.6.0",
      "resolved": "https://registry.npmjs.org/thenify-all/-/thenify-all-1.6.0.tgz",
      "integrity": "sha512-RNxQH/qI8/t3thXJDwcstUO4zeqo64+Uy/+sNVRBx4Xn2OX+OZ9oP+iJnNFqplFra2ZUVeKCSa2oVWi3T4uVmA==",
      "dev": true,
      "requires": {
        "thenify": ">= 3.1.0 < 4"
      }
    },
    "tough-cookie": {
      "version": "0.9.15",
      "resolved": "http://registry.npmjs.org/tough-cookie/-/tough-cookie-0.9.15.tgz",
      "integrity": "sha1-dWF6w0fjZZBSsDUBMYhYKWdzmfY=",
      "dev": true,
      "optional": true,
      "requires": {
        "punycode": ">=0.2.0"
      }
    },
    "tunnel-agent": {
      "version": "0.3.0",
      "resolved": "https://registry.npmjs.org/tunnel-agent/-/tunnel-agent-0.3.0.tgz",
      "integrity": "sha512-jlGqHGoKzyyjhwv/c9omAgohntThMcGtw8RV/RDLlkbbc08kni/akVxO62N8HaXMVbVsK1NCnpSK3N2xCt22ww==",
      "dev": true,
      "optional": true
    },
    "type-is": {
      "version": "1.3.2",
      "resolved": "https://registry.npmjs.org/type-is/-/type-is-1.3.2.tgz",
      "integrity": "sha512-sdIhnvhWEyIP2DKjj1o9tL31m8vFxDfLPD56KXz2absqY5AF2QYkJC7Wrw2fkzsZA9mv+PCtgyB7EqYOgR+r3Q==",
      "dev": true,
      "requires": {
        "media-typer": "0.2.0",
        "mime-types": "~1.0.1"
      },
      "dependencies": {
        "mime-types": {
          "version": "1.0.2",
          "resolved": "http://registry.npmjs.org/mime-types/-/mime-types-1.0.2.tgz",
          "integrity": "sha1-mVrhOSq4r/y/yyZB3QVOlDwNXc4=",
          "dev": true
        }
      }
    },
    "uid-safe": {
      "version": "1.1.0",
      "resolved": "https://registry.npmjs.org/uid-safe/-/uid-safe-1.1.0.tgz",
      "integrity": "sha512-7+QtWs9zioL/iQX61G+4h3EPyr3H+tINIp0IAV4EL32vdf7qmFyuW0BgRqWl7p5oZOsEQrlL0bY7m5D8tp7b1w==",
      "dev": true,
      "requires": {
        "base64-url": "1.2.1",
        "native-or-bluebird": "~1.1.2"
      },
      "dependencies": {
        "base64-url": {
          "version": "1.2.1",
          "resolved": "https://registry.npmjs.org/base64-url/-/base64-url-1.2.1.tgz",
          "integrity": "sha512-V8E0l1jyyeSSS9R+J9oljx5eq2rqzClInuwaPcyuv0Mm3ViI/3/rcc4rCEO8i4eQ4I0O0FAGYDA2i5xWHHPhzg==",
          "dev": true
        }
      }
    },
    "utils-merge": {
      "version": "1.0.0",
      "resolved": "https://registry.npmjs.org/utils-merge/-/utils-merge-1.0.0.tgz",
      "integrity": "sha512-HwU9SLQEtyo+0uoKXd1nkLqigUWLB+QuNQR4OcmB73eWqksM5ovuqcycks2x043W8XVb75rG1HQ0h93TMXkzQQ==",
      "dev": true
    },
    "vary": {
      "version": "1.0.1",
      "resolved": "https://registry.npmjs.org/vary/-/vary-1.0.1.tgz",
      "integrity": "sha512-yNsH+tC0r8quK2tg/yqkXqqaYzeKTkSqQ+8T6xCoWgOi/bU/omMYz+6k+I91JJJDeltJzI7oridTOq6OYkY0Tw==",
      "dev": true
    },
    "vhost": {
      "version": "2.0.0",
      "resolved": "https://registry.npmjs.org/vhost/-/vhost-2.0.0.tgz",
      "integrity": "sha512-TSExWM12MVtvIuBLMPyBuWBQLbHnmDZ3zfsoZwcUmKxzPX8l/cHKl5vVfbo8/KZ56UBAc/tTYXbaDGVDaIcrWw==",
      "dev": true
    },
    "vows": {
      "version": "0.8.0",
      "resolved": "https://registry.npmjs.org/vows/-/vows-0.8.0.tgz",
      "integrity": "sha512-qGOX3ZqSDRWYQ24MtRxUWDiEdinb6kPR9ZPr1HKkbxS/ffpWsVHZ/wm9N7DrNH1Bo0jfc/iThLZLuMH2AamXpw==",
      "dev": true,
      "requires": {
        "diff": "~1.0.8",
        "eyes": "~0.1.6",
        "glob": "~4.0.6"
      }
    },
    "wrappy": {
      "version": "1.0.2",
      "resolved": "https://registry.npmjs.org/wrappy/-/wrappy-1.0.2.tgz",
      "integrity": "sha512-l4Sp/DRseor9wL6EvV2+TuQn63dMkPjZ/sp9XkghTEbV9KlPS1xUsZ3u7/IQO4wxtcFB4bgpQPRcR3QCvezPcQ==",
      "dev": true
    }
  }
}
